
Microsoft Visual Studio Solution File, Format Version 12.00
# Visual Studio 15
VisualStudioVersion = 15.0.26124.0
MinimumVisualStudioVersion = 15.0.26124.0
Project("{FAE04EC0-301F-11D3-BF4B-00C04F79EFBC}") = "PrimeNumbers", "PrimeNumbers\PrimeNumbers.csproj", "{249A0099-D3D2-43B1-9BC7-7EF64B20EA9E}"
EndProject
Project("{FAE04EC0-301F-11D3-BF4B-00C04F79EFBC}") = "PrimeNumbers.Tests", "PrimeNumbers.Tests\PrimeNumbers.Tests.csproj", "{11A622A5-E3CC-439A-ADC3-0FA4C4E23718}"
EndProject
Global
	GlobalSection(SolutionConfigurationPlatforms) = preSolution
		Debug|Any CPU = Debug|Any CPU
		Debug|x64 = Debug|x64
		Debug|x86 = Debug|x86
		Release|Any CPU = Release|Any CPU
		Release|x64 = Release|x64
		Release|x86 = Release|x86
	EndGlobalSection
	GlobalSection(SolutionProperties) = preSolution
		HideSolutionNode = FALSE
	EndGlobalSection
	GlobalSection(ProjectConfigurationPlatforms) = postSolution
		{249A0099-D3D2-43B1-9BC7-7EF64B20EA9E}.Debug|Any CPU.ActiveCfg = Debug|Any CPU
		{249A0099-D3D2-43B1-9BC7-7EF64B20EA9E}.Debug|Any CPU.Build.0 = Debug|Any CPU
		{249A0099-D3D2-43B1-9BC7-7EF64B20EA9E}.Debug|x64.ActiveCfg = Debug|x64
		{249A0099-D3D2-43B1-9BC7-7EF64B20EA9E}.Debug|x64.Build.0 = Debug|x64
		{249A0099-D3D2-43B1-9BC7-7EF64B20EA9E}.Debug|x86.ActiveCfg = Debug|x86
		{249A0099-D3D2-43B1-9BC7-7EF64B20EA9E}.Debug|x86.Build.0 = Debug|x86
		{249A0099-D3D2-43B1-9BC7-7EF64B20EA9E}.Release|Any CPU.ActiveCfg = Release|Any CPU
		{249A0099-D3D2-43B1-9BC7-7EF64B20EA9E}.Release|Any CPU.Build.0 = Release|Any CPU
		{249A0099-D3D2-43B1-9BC7-7EF64B20EA9E}.Release|x64.ActiveCfg = Release|x64
		{249A0099-D3D2-43B1-9BC7-7EF64B20EA9E}.Release|x64.Build.0 = Release|x64
		{249A0099-D3D2-43B1-9BC7-7EF64B20EA9E}.Release|x86.ActiveCfg = Release|x86
		{249A0099-D3D2-43B1-9BC7-7EF64B20EA9E}.Release|x86.Build.0 = Release|x86
		{11A622A5-E3CC-439A-ADC3-0FA4C4E23718}.Debug|Any CPU.ActiveCfg = Debug|Any CPU
		{11A622A5-E3CC-439A-ADC3-0FA4C4E23718}.Debug|Any CPU.Build.0 = Debug|Any CPU
		{11A622A5-E3CC-439A-ADC3-0FA4C4E23718}.Debug|x64.ActiveCfg = Debug|x64
		{11A622A5-E3CC-439A-ADC3-0FA4C4E23718}.Debug|x64.Build.0 = Debug|x64
		{11A622A5-E3CC-439A-ADC3-0FA4C4E23718}.Debug|x86.ActiveCfg = Debug|x86
		{11A622A5-E3CC-439A-ADC3-0FA4C4E23718}.Debug|x86.Build.0 = Debug|x86
		{11A622A5-E3CC-439A-ADC3-0FA4C4E23718}.Release|Any CPU.ActiveCfg = Release|Any CPU
		{11A622A5-E3CC-439A-ADC3-0FA4C4E23718}.Release|Any CPU.Build.0 = Release|Any CPU
		{11A622A5-E3CC-439A-ADC3-0FA4C4E23718}.Release|x64.ActiveCfg = Release|x64
		{11A622A5-E3CC-439A-ADC3-0FA4C4E23718}.Release|x64.Build.0 = Release|x64
		{11A622A5-E3CC-439A-ADC3-0FA4C4E23718}.Release|x86.ActiveCfg = Release|x86
		{11A622A5-E3CC-439A-ADC3-0FA4C4E23718}.Release|x86.Build.0 = Release|x86
	EndGlobalSection
EndGlobal
